repository=https://github.com/toeverything/AFFiNE.git
tag=v0.27.0
commit=c61cc6a86f5f8364732296f0bb8393b37e0f70b3
license=MIT
brainlink_base_overlay_sha256=1b4e3aa98dd378eb7299e071aa83329643114e40b3e66a378c319613a2a94b8d
brainlink_runtime_v21_manifest_sha256=1d12289e42b613b9e3e284c61240c2ad9aea318700cf89b52afca25587218680
uploaded_affine_zip_sha256=f65b6967dbf2992a4d39f51ddc48fdac04828a47d01599a53ca48cbd0e3b3f47
brainlink_schema_version=2
brainlink_runtime_release=v2.1
brainlink_audit_integrity=SHA-256_HASH_CHAIN
brainlink_structural_validator=42/42
brainlink_governance_behavior_cases=15/15
