repository=https://github.com/toeverything/AFFiNE.git
tag=v0.27.0
commit=c61cc6a86f5f8364732296f0bb8393b37e0f70b3
license=MIT
brainlink_base_overlay_sha256=1b4e3aa98dd378eb7299e071aa83329643114e40b3e66a378c319613a2a94b8d
brainlink_runtime_v21_manifest_sha256=1d12289e42b613b9e3e284c61240c2ad9aea318700cf89b52afca25587218680
uploaded_affine_zip_sha256=f65b6967dbf2992a4d39f51ddc48fdac04828a47d01599a53ca48cbd0e3b3f47
brainlink_schema_version=2
brainlink_runtime_release=v2.1
brainlink_candidate_release=v2.3-zip-authority
brainlink_candidate_status=NOT_PROMOTED
brainlink_superseded_candidate=v2.2
brainlink_documentation_authority=Brainlink_Documentacao_Completa_v1.0.0.zip
brainlink_documentation_authority_sha256=4bce9d511680c70d7cfd51dbc4ef203172a46fa4d10388acd16209fa6b556c09
brainlink_candidate_runtime_overlay_sha256=72375fababaae6f48037d1a5b072ed18988a8bf6db566f95dcd0426433b5340f
brainlink_candidate_runtime_manifest_sha256=79e73c0bb0c18708bdd5fbe3a8c7100e3966b37e4e85440d408df0896830ead0
brainlink_audit_integrity=SHA-256_HASH_CHAIN
brainlink_stable_structural_validator=42/42
brainlink_stable_governance_behavior_cases=15/15
brainlink_candidate_structural_validator=54/54
brainlink_candidate_behavior_cases=35/35
brainlink_v5_context_sha256=7fef02277ce23bd6cf937e8ba5dd12e2f90e756e073179341144f48306cb0d7b
brainlink_v5_context_authority=SECONDARY_CONTEXT_ONLY
