source_file=00_ORACULO_MASTER_ADMIN_COSMETA_BRAINLINK_CUMULATIVO_V5_SINGLE_FILE_2026-08-07 (2).md
source_sha256=7fef02277ce23bd6cf937e8ba5dd12e2f90e756e073179341144f48306cb0d7b
source_bytes=432930
source_lines=14403
source_declared_status=TARGET_SPEC_DOCUMENTED_RUNTIME_NOT_INSPECTED_ON_USER_PC
authority=CONTEXT_COMPLEMENT_ONLY
auto_promote_runtime=false
preserve_stable_runtime=true
stable_runtime=v2.1
preserve_affine_upstream=true
preserve_product_boundaries=true
brainlink_role=KNOWLEDGE_GOVERNANCE_PLANE
cosmeta_role=EXECUTION_CANVAS_EXTERNAL_BOUNDARY
oracle_role=EXECUTION_ADMIN_EXTERNAL_BOUNDARY
ultrabase_role=DATA_PLANE_EXTERNAL_BOUNDARY
candidate_execution_envelopes=v2.2
candidate_requires_regression_gate=true
