authority_source=Brainlink_Documentacao_Completa_v1.0.0.zip
authority_source_sha256=4bce9d511680c70d7cfd51dbc4ef203172a46fa4d10388acd16209fa6b556c09
authority_zip_entries=63
authority_internal_sha256_pass=56/56
authority_role=PRIMARY_BRAINLINK_DOCUMENTATION_CANON
product_target_version=1.0.0
stable_runtime=v2.1
candidate_runtime=v2.3-zip-authority
candidate_status=BLOCKED_CORRUPT_TRANSPORT
candidate_promotion_allowed=false
candidate_runtime_overlay_scope=RUNTIME_ONLY
candidate_runtime_overlay_sha256=72375fababaae6f48037d1a5b072ed18988a8bf6db566f95dcd0426433b5340f
candidate_runtime_observed_sha256=292a87f8fa01dd637bb451125b6764a857bab0fd9e050086169b9c2709991d0d
candidate_runtime_integrity=FAILED_GZIP_CRC_AND_LENGTH
candidate_runtime_manifest_sha256=79e73c0bb0c18708bdd5fbe3a8c7100e3966b37e4e85440d408df0896830ead0
candidate_final_manifest_sha256=95eaea164ea608f9fe52095468c40abcda85ba646a2077a273db6d4a799913f1
candidate_runtime_manifest_files=30
candidate_transport_fragments=18
candidate_behavior_checks=UNVERIFIED_AFTER_TRANSPORT_FAILURE
candidate_structural_checks=UNVERIFIED_AFTER_TRANSPORT_FAILURE
candidate_core_typescript_strict=UNVERIFIED_AFTER_TRANSPORT_FAILURE
candidate_app_semantic_check=UNVERIFIED_AFTER_TRANSPORT_FAILURE
documentation_corpus_scope=REPOSITORY_LEVEL_SEPARATE_FROM_RUNTIME_OVERLAY
v5_role=SECONDARY_CONTEXT_ONLY
