authority_source=Brainlink_Documentacao_Completa_v1.0.0.zip
authority_source_sha256=4bce9d511680c70d7cfd51dbc4ef203172a46fa4d10388acd16209fa6b556c09
authority_zip_entries=63
authority_internal_sha256_pass=56/56
authority_role=PRIMARY_BRAINLINK_DOCUMENTATION_CANON
product_target_version=1.0.0
stable_runtime=v2.1
candidate_runtime=v2.3-zip-authority
candidate_status=NOT_PROMOTED
candidate_runtime_overlay_scope=RUNTIME_ONLY
candidate_runtime_overlay_sha256=72375fababaae6f48037d1a5b072ed18988a8bf6db566f95dcd0426433b5340f
candidate_runtime_manifest_sha256=79e73c0bb0c18708bdd5fbe3a8c7100e3966b37e4e85440d408df0896830ead0
candidate_runtime_manifest_files=30
candidate_transport_fragments=18
candidate_behavior_checks=35/35
candidate_structural_checks=54/54
candidate_core_typescript_strict=PASS
candidate_app_semantic_check=PASS
documentation_corpus_scope=REPOSITORY_LEVEL_SEPARATE_FROM_RUNTIME_OVERLAY
v5_role=SECONDARY_CONTEXT_ONLY
