runtime_release=v2.2
state_schema_version=2
base_runtime_release=v2.1
base_manifest_sha256=1d12289e42b613b9e3e284c61240c2ad9aea318700cf89b52afca25587218680
upstream_repository=https://github.com/toeverything/AFFiNE.git
upstream_tag=v0.27.0
upstream_commit=c61cc6a86f5f8364732296f0bb8393b37e0f70b3
execution_model=IMMUTABLE_TASK_ENVELOPE_ATTEMPTS
execution_rule_pack=SHA-256_CANONICAL_SNAPSHOT
execution_anti_loop=REPEATED_ERROR_FINGERPRINT_REQUIRES_FRESH_CHECKPOINT
execution_overlap_policy=ONE_ACTIVE_ATTEMPT_PER_WORKER
execution_terminal_policy=IMMUTABLE_TERMINAL_ATTEMPTS
regression_validator=42/42
execution_validator=12/12
combined_structural_validator=54/54
governance_integrity_behavior_cases=16/16
transport_entrypoint_windows=BRAINLINK_SETUP_V22_SAFE.bat
transport_migrator=scripts/apply-execution-v22-safe.mjs
