authority_source=Brainlink_Documentacao_Completa_v1.0.0.zip
authority_source_sha256=4bce9d511680c70d7cfd51dbc4ef203172a46fa4d10388acd16209fa6b556c09
authority_zip_entries=63
authority_internal_sha256_pass=56/56
product_target_version=1.0.0
stable_runtime=v2.1
candidate_runtime=v2.3-zip-authority
candidate_status=NOT_PROMOTED
candidate_overlay_sha256=cf1274c5ed29f57590e71a1273edd51415a5ac88e889633b4be627a97c3baed4
candidate_final_manifest_sha256=95eaea164ea608f9fe52095468c40abcda85ba646a2077a273db6d4a799913f1
candidate_behavior_checks=35/35
candidate_structural_checks=54/54
candidate_core_typescript_strict=PASS
candidate_app_semantic_check=PASS
v5_role=SECONDARY_CONTEXT_ONLY
